// !$*UTF8*$!
{
	archiveVersion = 1;
	classes = {
	};
	objectVersion = 50;
	objects = {

/* Begin PBXBuildFile section */
		C59134E9223996760069EF99 /* AppDelegate.swift in Sources */ = {isa = PBXBuildFile; fileRef = C59134E8223996760069EF99 /* AppDelegate.swift */; };
		C59134EB223996760069EF99 /* IntroVC.swift in Sources */ = {isa = PBXBuildFile; fileRef = C59134EA223996760069EF99 /* IntroVC.swift */; };
		C59134EE223996760069EF99 /* Main.storyboard in Resources */ = {isa = PBXBuildFile; fileRef = C59134EC223996760069EF99 /* Main.storyboard */; };
		C59134F02239967A0069EF99 /* Assets.xcassets in Resources */ = {isa = PBXBuildFile; fileRef = C59134EF2239967A0069EF99 /* Assets.xcassets */; };
		C59134F32239967A0069EF99 /* LaunchScreen.storyboard in Resources */ = {isa = PBXBuildFile; fileRef = C59134F12239967A0069EF99 /* LaunchScreen.storyboard */; };
		C59134FB2239F38A0069EF99 /* QuestionsVC.swift in Sources */ = {isa = PBXBuildFile; fileRef = C59134FA2239F38A0069EF99 /* QuestionsVC.swift */; };
		C59134FD2239F3DF0069EF99 /* ResultsVC.swift in Sources */ = {isa = PBXBuildFile; fileRef = C59134FC2239F3DF0069EF99 /* ResultsVC.swift */; };
		C59134FF2239F5660069EF99 /* QuestionData.swift in Sources */ = {isa = PBXBuildFile; fileRef = C59134FE2239F5660069EF99 /* QuestionData.swift */; };
/* End PBXBuildFile section */

/* Begin PBXFileReference section */
		C59134E5223996760069EF99 /* PersonalQuiz3.app */ = {isa = PBXFileReference; explicitFileType = wrapper.application; includeInIndex = 0; path = PersonalQuiz3.app; sourceTree = BUILT_PRODUCTS_DIR; };
		C59134E8223996760069EF99 /* AppDelegate.swift */ = {isa = PBXFileReference; lastKnownFileType = sourcecode.swift; path = AppDelegate.swift; sourceTree = "<group>"; };
		C59134EA223996760069EF99 /* IntroVC.swift */ = {isa = PBXFileReference; lastKnownFileType = sourcecode.swift; path = IntroVC.swift; sourceTree = "<group>"; };
		C59134ED223996760069EF99 /* Base */ = {isa = PBXFileReference; lastKnownFileType = file.storyboard; name = Base; path = Base.lproj/Main.storyboard; sourceTree = "<group>"; };
		C59134EF2239967A0069EF99 /* Assets.xcassets */ = {isa = PBXFileReference; lastKnownFileType = folder.assetcatalog; path = Assets.xcassets; sourceTree = "<group>"; };
		C59134F22239967A0069EF99 /* Base */ = {isa = PBXFileReference; lastKnownFileType = file.storyboard; name = Base; path = Base.lproj/LaunchScreen.storyboard; sourceTree = "<group>"; };
		C59134F42239967A0069EF99 /* Info.plist */ = {isa = PBXFileReference; lastKnownFileType = text.plist.xml; path = Info.plist; sourceTree = "<group>"; };
		C59134FA2239F38A0069EF99 /* QuestionsVC.swift */ = {isa = PBXFileReference; lastKnownFileType = sourcecode.swift; path = QuestionsVC.swift; sourceTree = "<group>"; };
		C59134FC2239F3DF0069EF99 /* ResultsVC.swift */ = {isa = PBXFileReference; lastKnownFileType = sourcecode.swift; path = ResultsVC.swift; sourceTree = "<group>"; };
		C59134FE2239F5660069EF99 /* QuestionData.swift */ = {isa = PBXFileReference; lastKnownFileType = sourcecode.swift; path = QuestionData.swift; sourceTree = "<group>"; };
/* End PBXFileReference section */

/* Begin PBXFrameworksBuildPhase section */
		C59134E2223996760069EF99 /* Frameworks */ = {
			isa = PBXFrameworksBuildPhase;
			buildActionMask = 2147483647;
			files = (
			);
			runOnlyForDeploymentPostprocessing = 0;
		};
/* End PBXFrameworksBuildPhase section */

/* Begin PBXGroup section */
		C59134DC223996760069EF99 = {
			isa = PBXGroup;
			children = (
				C59134E7223996760069EF99 /* PersonalQuiz3 */,
				C59134E6223996760069EF99 /* Products */,
			);
			sourceTree = "<group>";
		};
		C59134E6223996760069EF99 /* Products */ = {
			isa = PBXGroup;
			children = (
				C59134E5223996760069EF99 /* PersonalQuiz3.app */,
			);
			name = Products;
			sourceTree = "<group>";
		};
		C59134E7223996760069EF99 /* PersonalQuiz3 */ = {
			isa = PBXGroup;
			children = (
				C59134E8223996760069EF99 /* AppDelegate.swift */,
				C59134EA223996760069EF99 /* IntroVC.swift */,
				C59134FE2239F5660069EF99 /* QuestionData.swift */,
				C59134FA2239F38A0069EF99 /* QuestionsVC.swift */,
				C59134FC2239F3DF0069EF99 /* ResultsVC.swift */,
				C59134EC223996760069EF99 /* Main.storyboard */,
				C59134EF2239967A0069EF99 /* Assets.xcassets */,
				C59134F12239967A0069EF99 /* LaunchScreen.storyboard */,
				C59134F42239967A0069EF99 /* Info.plist */,
			);
			path = PersonalQuiz3;
			sourceTree = "<group>";
		};
/* End PBXGroup section */

/* Begin PBXNativeTarget section */
		C59134E4223996760069EF99 /* PersonalQuiz3 */ = {
			isa = PBXNativeTarget;
			buildConfigurationList = C59134F72239967A0069EF99 /* Build configuration list for PBXNativeTarget "PersonalQuiz3" */;
			buildPhases = (
				C59134E1223996760069EF99 /* Sources */,
				C59134E2223996760069EF99 /* Frameworks */,
				C59134E3223996760069EF99 /* Resources */,
			);
			buildRules = (
			);
			dependencies = (
			);
			name = PersonalQuiz3;
			productName = PersonalQuiz3;
			productReference = C59134E5223996760069EF99 /* PersonalQuiz3.app */;
			productType = "com.apple.product-type.application";
		};
/* End PBXNativeTarget section */

/* Begin PBXProject section */
		C59134DD223996760069EF99 /* Project object */ = {
			isa = PBXProject;
			attributes = {
				LastSwiftUpdateCheck = 1010;
				LastUpgradeCheck = 1010;
				ORGANIZATIONNAME = student20;
				TargetAttributes = {
					C59134E4223996760069EF99 = {
						CreatedOnToolsVersion = 10.1;
					};
				};
			};
			buildConfigurationList = C59134E0223996760069EF99 /* Build configuration list for PBXProject "PersonalQuiz3" */;
			compatibilityVersion = "Xcode 9.3";
			developmentRegion = en;
			hasScannedForEncodings = 0;
			knownRegions = (
				en,
				Base,
			);
			mainGroup = C59134DC223996760069EF99;
			productRefGroup = C59134E6223996760069EF99 /* Products */;
			projectDirPath = "";
			projectRoot = "";
			targets = (
				C59134E4223996760069EF99 /* PersonalQuiz3 */,
			);
		};
/* End PBXProject section */

/* Begin PBXResourcesBuildPhase section */
		C59134E3223996760069EF99 /* Resources */ = {
			isa = PBXResourcesBuildPhase;
			buildActionMask = 2147483647;
			files = (
				C59134F32239967A0069EF99 /* LaunchScreen.storyboard in Resources */,
				C59134F02239967A0069EF99 /* Assets.xcassets in Resources */,
				C59134EE223996760069EF99 /* Main.storyboard in Resources */,
			);
			runOnlyForDeploymentPostprocessing = 0;
		};
/* End PBXResourcesBuildPhase section */

/* Begin PBXSourcesBuildPhase section */
		C59134E1223996760069EF99 /* Sources */ = {
			isa = PBXSourcesBuildPhase;
			buildActionMask = 2147483647;
			files = (
				C59134EB223996760069EF99 /* IntroVC.swift in Sources */,
				C59134FD2239F3DF0069EF99 /* ResultsVC.swift in Sources */,
				C59134FF2239F5660069EF99 /* QuestionData.swift in Sources */,
				C59134E9223996760069EF99 /* AppDelegate.swift in Sources */,
				C59134FB2239F38A0069EF99 /* QuestionsVC.swift in Sources */,
			);
			runOnlyForDeploymentPostprocessing = 0;
		};
/* End PBXSourcesBuildPhase section */

/* Begin PBXVariantGroup section */
		C59134EC223996760069EF99 /* Main.storyboard */ = {
			isa = PBXVariantGroup;
			children = (
				C59134ED223996760069EF99 /* Base */,
			);
			name = Main.storyboard;
			sourceTree = "<group>";
		};
		C59134F12239967A0069EF99 /* LaunchScreen.storyboard */ = {
			isa = PBXVariantGroup;
			children = (
				C59134F22239967A0069EF99 /* Base */,
			);
			name = LaunchScreen.storyboard;
			sourceTree = "<group>";
		};
/* End PBXVariantGroup section */

/* Begin XCBuildConfiguration section */
		C59134F52239967A0069EF99 /* Debug */ = {
			isa = XCBuildConfiguration;
			buildSettings = {
				ALWAYS_SEARCH_USER_PATHS = NO;
				CLANG_ANALYZER_NONNULL = YES;
				CLANG_ANALYZER_NUMBER_OBJECT_CONVERSION = YES_AGGRESSIVE;
				CLANG_CXX_LANGUAGE_STANDARD = "gnu++14";
				CLANG_CXX_LIBRARY = "libc++";
				CLANG_ENABLE_MODULES = YES;
				CLANG_ENABLE_OBJC_ARC = YES;
				CLANG_ENABLE_OBJC_WEAK = YES;
				CLANG_WARN_BLOCK_CAPTURE_AUTORELEASING = YES;
				CLANG_WARN_BOOL_CONVERSION = YES;
				CLANG_WARN_COMMA = YES;
				CLANG_WARN_CONSTANT_CONVERSION = YES;
				CLANG_WARN_DEPRECATED_OBJC_IMPLEMENTATIONS = YES;
				CLANG_WARN_DIRECT_OBJC_ISA_USAGE = YES_ERROR;
				CLANG_WARN_DOCUMENTATION_COMMENTS = YES;
				CLANG_WARN_EMPTY_BODY = YES;
				CLANG_WARN_ENUM_CONVERSION = YES;
				CLANG_WARN_INFINITE_RECURSION = YES;
				CLANG_WARN_INT_CONVERSION = YES;
				CLANG_WARN_NON_LITERAL_NULL_CONVERSION = YES;
				CLANG_WARN_OBJC_IMPLICIT_RETAIN_SELF = YES;
				CLANG_WARN_OBJC_LITERAL_CONVERSION = YES;
				CLANG_WARN_OBJC_ROOT_CLASS = YES_ERROR;
				CLANG_WARN_RANGE_LOOP_ANALYSIS = YES;
				CLANG_WARN_STRICT_PROTOTYPES = YES;
				CLANG_WARN_SUSPICIOUS_MOVE = YES;
				CLANG_WARN_UNGUARDED_AVAILABILITY = YES_AGGRESSIVE;
				CLANG_WARN_UNREACHABLE_CODE = YES;
				CLANG_WARN__DUPLICATE_METHOD_MATCH = YES;
				CODE_SIGN_IDENTITY = "iPhone Developer";
				COPY_PHASE_STRIP = NO;
				DEBUG_INFORMATION_FORMAT = dwarf;
				ENABLE_STRICT_OBJC_MSGSEND = YES;
				ENABLE_TESTABILITY = YES;
				GCC_C_LANGUAGE_STANDARD = gnu11;
				GCC_DYNAMIC_NO_PIC = NO;
				GCC_NO_COMMON_BLOCKS = YES;
				GCC_OPTIMIZATION_LEVEL = 0;
				GCC_PREPROCESSOR_DEFINITIONS = (
					"DEBUG=1",
					"$(inherited)",
				);
				GCC_WARN_64_TO_32_BIT_CONVERSION = YES;
				GCC_WARN_ABOUT_RETURN_TYPE = YES_ERROR;
				GCC_WARN_UNDECLARED_SELECTOR = YES;
				GCC_WARN_UNINITIALIZED_AUTOS = YES_AGGRESSIVE;
				GCC_WARN_UNUSED_FUNCTION = YES;
				GCC_WARN_UNUSED_VARIABLE = YES;
				IPHONEOS_DEPLOYMENT_TARGET = 12.1;
				MTL_ENABLE_DEBUG_INFO = INCLUDE_SOURCE;
				MTL_FAST_MATH = YES;
				ONLY_ACTIVE_ARCH = YES;
				SDKROOT = iphoneos;
				SWIFT_ACTIVE_COMPILATION_CONDITIONS = DEBUG;
				SWIFT_OPTIMIZATION_LEVEL = "-Onone";
			};
			name = Debug;
		};
		C59134F62239967A0069EF99 /* Release */ = {
			isa = XCBuildConfiguration;
			buildSettings = {
				ALWAYS_SEARCH_USER_PATHS = NO;
				CLANG_ANALYZER_NONNULL = YES;
				CLANG_ANALYZER_NUMBER_OBJECT_CONVERSION = YES_AGGRESSIVE;
				CLANG_CXX_LANGUAGE_STANDARD = "gnu++14";
				CLANG_CXX_LIBRARY = "libc++";
				CLANG_ENABLE_MODULES = YES;
				CLANG_ENABLE_OBJC_ARC = YES;
				CLANG_ENABLE_OBJC_WEAK = YES;
				CLANG_WARN_BLOCK_CAPTURE_AUTORELEASING = YES;
				CLANG_WARN_BOOL_CONVERSION = YES;
				CLANG_WARN_COMMA = YES;
				CLANG_WARN_CONSTANT_CONVERSION = YES;
				CLANG_WARN_DEPRECATED_OBJC_IMPLEMENTATIONS = YES;
				CLANG_WARN_DIRECT_OBJC_ISA_USAGE = YES_ERROR;
				CLANG_WARN_DOCUMENTATION_COMMENTS = YES;
				CLANG_WARN_EMPTY_BODY = YES;
				CLANG_WARN_ENUM_CONVERSION = YES;
				CLANG_WARN_INFINITE_RECURSION = YES;
				CLANG_WARN_INT_CONVERSION = YES;
				CLANG_WARN_NON_LITERAL_NULL_CONVERSION = YES;
				CLANG_WARN_OBJC_IMPLICIT_RETAIN_SELF = YES;
				CLANG_WARN_OBJC_LITERAL_CONVERSION = YES;
				CLANG_WARN_OBJC_ROOT_CLASS = YES_ERROR;
				CLANG_WARN_RANGE_LOOP_ANALYSIS = YES;
				CLANG_WARN_STRICT_PROTOTYPES = YES;
				CLANG_WARN_SUSPICIOUS_MOVE = YES;
				CLANG_WARN_UNGUARDED_AVAILABILITY = YES_AGGRESSIVE;
				CLANG_WARN_UNREACHABLE_CODE = YES;
				CLANG_WARN__DUPLICATE_METHOD_MATCH = YES;
				CODE_SIGN_IDENTITY = "iPhone Developer";
				COPY_PHASE_STRIP = NO;
				DEBUG_INFORMATION_FORMAT = "dwarf-with-dsym";
				ENABLE_NS_ASSERTIONS = NO;
				ENABLE_STRICT_OBJC_MSGSEND = YES;
				GCC_C_LANGUAGE_STANDARD = gnu11;
				GCC_NO_COMMON_BLOCKS = YES;
				GCC_WARN_64_TO_32_BIT_CONVERSION = YES;
				GCC_WARN_ABOUT_RETURN_TYPE = YES_ERROR;
				GCC_WARN_UNDECLARED_SELECTOR = YES;
				GCC_WARN_UNINITIALIZED_AUTOS = YES_AGGRESSIVE;
				GCC_WARN_UNUSED_FUNCTION = YES;
				GCC_WARN_UNUSED_VARIABLE = YES;
				IPHONEOS_DEPLOYMENT_TARGET = 12.1;
				MTL_ENABLE_DEBUG_INFO = NO;
				MTL_FAST_MATH = YES;
				SDKROOT = iphoneos;
				SWIFT_COMPILATION_MODE = wholemodule;
				SWIFT_OPTIMIZATION_LEVEL = "-O";
				VALIDATE_PRODUCT = YES;
			};
			name = Release;
		};
		C59134F82239967A0069EF99 /* Debug */ = {
			isa = XCBuildConfiguration;
			buildSettings = {
				ASSETCATALOG_COMPILER_APPICON_NAME = AppIcon;
				CODE_SIGN_STYLE = Automatic;
				INFOPLIST_FILE = PersonalQuiz3/Info.plist;
				LD_RUNPATH_SEARCH_PATHS = (
					"$(inherited)",
					"@executable_path/Frameworks",
				);
				PRODUCT_BUNDLE_IDENTIFIER = com.teskinder11.PersonalQuiz3;
				PRODUCT_NAME = "$(TARGET_NAME)";
				SWIFT_VERSION = 4.2;
				TARGETED_DEVICE_FAMILY = "1,2";
			};
			name = Debug;
		};
		C59134F92239967A0069EF99 /* Release */ = {
			isa = XCBuildConfiguration;
			buildSettings = {
				ASSETCATALOG_COMPILER_APPICON_NAME = AppIcon;
				CODE_SIGN_STYLE = Automatic;
				INFOPLIST_FILE = PersonalQuiz3/Info.plist;
				LD_RUNPATH_SEARCH_PATHS = (
					"$(inherited)",
					"@executable_path/Frameworks",
				);
				PRODUCT_BUNDLE_IDENTIFIER = com.teskinder11.PersonalQuiz3;
				PRODUCT_NAME = "$(TARGET_NAME)";
				SWIFT_VERSION = 4.2;
				TARGETED_DEVICE_FAMILY = "1,2";
			};
			name = Release;
		};
/* End XCBuildConfiguration section */

/* Begin XCConfigurationList section */
		C59134E0223996760069EF99 /* Build configuration list for PBXProject "PersonalQuiz3" */ = {
			isa = XCConfigurationList;
			buildConfigurations = (
				C59134F52239967A0069EF99 /* Debug */,
				C59134F62239967A0069EF99 /* Release */,
			);
			defaultConfigurationIsVisible = 0;
			defaultConfigurationName = Release;
		};
		C59134F72239967A0069EF99 /* Build configuration list for PBXNativeTarget "PersonalQuiz3" */ = {
			isa = XCConfigurationList;
			buildConfigurations = (
				C59134F82239967A0069EF99 /* Debug */,
				C59134F92239967A0069EF99 /* Release */,
			);
			defaultConfigurationIsVisible = 0;
			defaultConfigurationName = Release;
		};
/* End XCConfigurationList section */
	};
	rootObject = C59134DD223996760069EF99 /* Project object */;
}
